// !$*UTF8*$!
{
	archiveVersion = 1;
	classes = {
	};
	objectVersion = 56;
	objects = {

/* Begin PBXBuildFile section */
		4DB4BBC62AF9EFF7008FA2D1 /* AppDelegate.swift in Sources */ = {isa = PBXBuildFile; fileRef = 4DB4BBC52AF9EFF7008FA2D1 /* AppDelegate.swift */; };
		4DB4BBC82AF9EFF7008FA2D1 /* SceneDelegate.swift in Sources */ = {isa = PBXBuildFile; fileRef = 4DB4BBC72AF9EFF7008FA2D1 /* SceneDelegate.swift */; };
		4DB4BBCA2AF9EFF7008FA2D1 /* ViewController.swift in Sources */ = {isa = PBXBuildFile; fileRef = 4DB4BBC92AF9EFF7008FA2D1 /* ViewController.swift */; };
		4DB4BBCD2AF9EFF7008FA2D1 /* Main.storyboard in Resources */ = {isa = PBXBuildFile; fileRef = 4DB4BBCB2AF9EFF7008FA2D1 /* Main.storyboard */; };
		4DB4BBCF2AF9EFF8008FA2D1 /* Assets.xcassets in Resources */ = {isa = PBXBuildFile; fileRef = 4DB4BBCE2AF9EFF8008FA2D1 /* Assets.xcassets */; };
		4DB4BBD22AF9EFF8008FA2D1 /* LaunchScreen.storyboard in Resources */ = {isa = PBXBuildFile; fileRef = 4DB4BBD02AF9EFF8008FA2D1 /* LaunchScreen.storyboard */; };
		4DB4BBDA2AF9F09A008FA2D1 /* MarketplaceViewController.swift in Sources */ = {isa = PBXBuildFile; fileRef = 4DB4BBD92AF9F09A008FA2D1 /* MarketplaceViewController.swift */; };
		4DB4BBDC2AF9F0B7008FA2D1 /* CartViewController.swift in Sources */ = {isa = PBXBuildFile; fileRef = 4DB4BBDB2AF9F0B7008FA2D1 /* CartViewController.swift */; };
/* End PBXBuildFile section */

/* Begin PBXFileReference section */
		4DB4BBC22AF9EFF7008FA2D1 /* MadidiCodePath.app */ = {isa = PBXFileReference; explicitFileType = wrapper.application; includeInIndex = 0; path = MadidiCodePath.app; sourceTree = BUILT_PRODUCTS_DIR; };
		4DB4BBC52AF9EFF7008FA2D1 /* AppDelegate.swift */ = {isa = PBXFileReference; lastKnownFileType = sourcecode.swift; path = AppDelegate.swift; sourceTree = "<group>"; };
		4DB4BBC72AF9EFF7008FA2D1 /* SceneDelegate.swift */ = {isa = PBXFileReference; lastKnownFileType = sourcecode.swift; path = SceneDelegate.swift; sourceTree = "<group>"; };
		4DB4BBC92AF9EFF7008FA2D1 /* ViewController.swift */ = {isa = PBXFileReference; lastKnownFileType = sourcecode.swift; path = ViewController.swift; sourceTree = "<group>"; };
		4DB4BBCC2AF9EFF7008FA2D1 /* Base */ = {isa = PBXFileReference; lastKnownFileType = file.storyboard; name = Base; path = Base.lproj/Main.storyboard; sourceTree = "<group>"; };
		4DB4BBCE2AF9EFF8008FA2D1 /* Assets.xcassets */ = {isa = PBXFileReference; lastKnownFileType = folder.assetcatalog; path = Assets.xcassets; sourceTree = "<group>"; };
		4DB4BBD12AF9EFF8008FA2D1 /* Base */ = {isa = PBXFileReference; lastKnownFileType = file.storyboard; name = Base; path = Base.lproj/LaunchScreen.storyboard; sourceTree = "<group>"; };
		4DB4BBD32AF9EFF8008FA2D1 /* Info.plist */ = {isa = PBXFileReference; lastKnownFileType = text.plist.xml; path = Info.plist; sourceTree = "<group>"; };
		4DB4BBD92AF9F09A008FA2D1 /* MarketplaceViewController.swift */ = {isa = PBXFileReference; lastKnownFileType = sourcecode.swift; path = MarketplaceViewController.swift; sourceTree = "<group>"; };
		4DB4BBDB2AF9F0B7008FA2D1 /* CartViewController.swift */ = {isa = PBXFileReference; lastKnownFileType = sourcecode.swift; path = CartViewController.swift; sourceTree = "<group>"; };
/* End PBXFileReference section */

/* Begin PBXFrameworksBuildPhase section */
		4DB4BBBF2AF9EFF7008FA2D1 /* Frameworks */ = {
			isa = PBXFrameworksBuildPhase;
			buildActionMask = 2147483647;
			files = (
			);
			runOnlyForDeploymentPostprocessing = 0;
		};
/* End PBXFrameworksBuildPhase section */

/* Begin PBXGroup section */
		4DB4BBB92AF9EFF7008FA2D1 = {
			isa = PBXGroup;
			children = (
				4DB4BBC42AF9EFF7008FA2D1 /* MadidiCodePath */,
				4DB4BBC32AF9EFF7008FA2D1 /* Products */,
			);
			sourceTree = "<group>";
		};
		4DB4BBC32AF9EFF7008FA2D1 /* Products */ = {
			isa = PBXGroup;
			children = (
				4DB4BBC22AF9EFF7008FA2D1 /* MadidiCodePath.app */,
			);
			name = Products;
			sourceTree = "<group>";
		};
		4DB4BBC42AF9EFF7008FA2D1 /* MadidiCodePath */ = {
			isa = PBXGroup;
			children = (
				4DB4BBC52AF9EFF7008FA2D1 /* AppDelegate.swift */,
				4DB4BBC72AF9EFF7008FA2D1 /* SceneDelegate.swift */,
				4DB4BBC92AF9EFF7008FA2D1 /* ViewController.swift */,
				4DB4BBD92AF9F09A008FA2D1 /* MarketplaceViewController.swift */,
				4DB4BBDB2AF9F0B7008FA2D1 /* CartViewController.swift */,
				4DB4BBCB2AF9EFF7008FA2D1 /* Main.storyboard */,
				4DB4BBCE2AF9EFF8008FA2D1 /* Assets.xcassets */,
				4DB4BBD02AF9EFF8008FA2D1 /* LaunchScreen.storyboard */,
				4DB4BBD32AF9EFF8008FA2D1 /* Info.plist */,
			);
			path = MadidiCodePath;
			sourceTree = "<group>";
		};
/* End PBXGroup section */

/* Begin PBXNativeTarget section */
		4DB4BBC12AF9EFF7008FA2D1 /* MadidiCodePath */ = {
			isa = PBXNativeTarget;
			buildConfigurationList = 4DB4BBD62AF9EFF8008FA2D1 /* Build configuration list for PBXNativeTarget "MadidiCodePath" */;
			buildPhases = (
				4DB4BBBE2AF9EFF7008FA2D1 /* Sources */,
				4DB4BBBF2AF9EFF7008FA2D1 /* Frameworks */,
				4DB4BBC02AF9EFF7008FA2D1 /* Resources */,
			);
			buildRules = (
			);
			dependencies = (
			);
			name = MadidiCodePath;
			productName = MadidiCodePath;
			productReference = 4DB4BBC22AF9EFF7008FA2D1 /* MadidiCodePath.app */;
			productType = "com.apple.product-type.application";
		};
/* End PBXNativeTarget section */

/* Begin PBXProject section */
		4DB4BBBA2AF9EFF7008FA2D1 /* Project object */ = {
			isa = PBXProject;
			attributes = {
				BuildIndependentTargetsInParallel = 1;
				LastSwiftUpdateCheck = 1500;
				LastUpgradeCheck = 1500;
				TargetAttributes = {
					4DB4BBC12AF9EFF7008FA2D1 = {
						CreatedOnToolsVersion = 15.0;
					};
				};
			};
			buildConfigurationList = 4DB4BBBD2AF9EFF7008FA2D1 /* Build configuration list for PBXProject "MadidiCodePath" */;
			compatibilityVersion = "Xcode 14.0";
			developmentRegion = en;
			hasScannedForEncodings = 0;
			knownRegions = (
				en,
				Base,
			);
			mainGroup = 4DB4BBB92AF9EFF7008FA2D1;
			productRefGroup = 4DB4BBC32AF9EFF7008FA2D1 /* Products */;
			projectDirPath = "";
			projectRoot = "";
			targets = (
				4DB4BBC12AF9EFF7008FA2D1 /* MadidiCodePath */,
			);
		};
/* End PBXProject section */

/* Begin PBXResourcesBuildPhase section */
		4DB4BBC02AF9EFF7008FA2D1 /* Resources */ = {
			isa = PBXResourcesBuildPhase;
			buildActionMask = 2147483647;
			files = (
				4DB4BBD22AF9EFF8008FA2D1 /* LaunchScreen.storyboard in Resources */,
				4DB4BBCF2AF9EFF8008FA2D1 /* Assets.xcassets in Resources */,
				4DB4BBCD2AF9EFF7008FA2D1 /* Main.storyboard in Resources */,
			);
			runOnlyForDeploymentPostprocessing = 0;
		};
/* End PBXResourcesBuildPhase section */

/* Begin PBXSourcesBuildPhase section */
		4DB4BBBE2AF9EFF7008FA2D1 /* Sources */ = {
			isa = PBXSourcesBuildPhase;
			buildActionMask = 2147483647;
			files = (
				4DB4BBCA2AF9EFF7008FA2D1 /* ViewController.swift in Sources */,
				4DB4BBC62AF9EFF7008FA2D1 /* AppDelegate.swift in Sources */,
				4DB4BBDC2AF9F0B7008FA2D1 /* CartViewController.swift in Sources */,
				4DB4BBDA2AF9F09A008FA2D1 /* MarketplaceViewController.swift in Sources */,
				4DB4BBC82AF9EFF7008FA2D1 /* SceneDelegate.swift in Sources */,
			);
			runOnlyForDeploymentPostprocessing = 0;
		};
/* End PBXSourcesBuildPhase section */

/* Begin PBXVariantGroup section */
		4DB4BBCB2AF9EFF7008FA2D1 /* Main.storyboard */ = {
			isa = PBXVariantGroup;
			children = (
				4DB4BBCC2AF9EFF7008FA2D1 /* Base */,
			);
			name = Main.storyboard;
			sourceTree = "<group>";
		};
		4DB4BBD02AF9EFF8008FA2D1 /* LaunchScreen.storyboard */ = {
			isa = PBXVariantGroup;
			children = (
				4DB4BBD12AF9EFF8008FA2D1 /* Base */,
			);
			name = LaunchScreen.storyboard;
			sourceTree = "<group>";
		};
/* End PBXVariantGroup section */

/* Begin XCBuildConfiguration section */
		4DB4BBD42AF9EFF8008FA2D1 /* Debug */ = {
			isa = XCBuildConfiguration;
			buildSettings = {
				ALWAYS_SEARCH_USER_PATHS = NO;
				ASSETCATALOG_COMPILER_GENERATE_SWIFT_ASSET_SYMBOL_EXTENSIONS = YES;
				CLANG_ANALYZER_NONNULL = YES;
				CLANG_ANALYZER_NUMBER_OBJECT_CONVERSION = YES_AGGRESSIVE;
				CLANG_CXX_LANGUAGE_STANDARD = "gnu++20";
				CLANG_ENABLE_MODULES = YES;
				CLANG_ENABLE_OBJC_ARC = YES;
				CLANG_ENABLE_OBJC_WEAK = YES;
				CLANG_WARN_BLOCK_CAPTURE_AUTORELEASING = YES;
				CLANG_WARN_BOOL_CONVERSION = YES;
				CLANG_WARN_COMMA = YES;
				CLANG_WARN_CONSTANT_CONVERSION = YES;
				CLANG_WARN_DEPRECATED_OBJC_IMPLEMENTATIONS = YES;
				CLANG_WARN_DIRECT_OBJC_ISA_USAGE = YES_ERROR;
				CLANG_WARN_DOCUMENTATION_COMMENTS = YES;
				CLANG_WARN_EMPTY_BODY = YES;
				CLANG_WARN_ENUM_CONVERSION = YES;
				CLANG_WARN_INFINITE_RECURSION = YES;
				CLANG_WARN_INT_CONVERSION = YES;
				CLANG_WARN_NON_LITERAL_NULL_CONVERSION = YES;
				CLANG_WARN_OBJC_IMPLICIT_RETAIN_SELF = YES;
				CLANG_WARN_OBJC_LITERAL_CONVERSION = YES;
				CLANG_WARN_OBJC_ROOT_CLASS = YES_ERROR;
				CLANG_WARN_QUOTED_INCLUDE_IN_FRAMEWORK_HEADER = YES;
				CLANG_WARN_RANGE_LOOP_ANALYSIS = YES;
				CLANG_WARN_STRICT_PROTOTYPES = YES;
				CLANG_WARN_SUSPICIOUS_MOVE = YES;
				CLANG_WARN_UNGUARDED_AVAILABILITY = YES_AGGRESSIVE;
				CLANG_WARN_UNREACHABLE_CODE = YES;
				CLANG_WARN__DUPLICATE_METHOD_MATCH = YES;
				COPY_PHASE_STRIP = NO;
				DEBUG_INFORMATION_FORMAT = dwarf;
				ENABLE_STRICT_OBJC_MSGSEND = YES;
				ENABLE_TESTABILITY = YES;
				ENABLE_USER_SCRIPT_SANDBOXING = YES;
				GCC_C_LANGUAGE_STANDARD = gnu17;
				GCC_DYNAMIC_NO_PIC = NO;
				GCC_NO_COMMON_BLOCKS = YES;
				GCC_OPTIMIZATION_LEVEL = 0;
				GCC_PREPROCESSOR_DEFINITIONS = (
					"DEBUG=1",
					"$(inherited)",
				);
				GCC_WARN_64_TO_32_BIT_CONVERSION = YES;
				GCC_WARN_ABOUT_RETURN_TYPE = YES_ERROR;
				GCC_WARN_UNDECLARED_SELECTOR = YES;
				GCC_WARN_UNINITIALIZED_AUTOS = YES_AGGRESSIVE;
				GCC_WARN_UNUSED_FUNCTION = YES;
				GCC_WARN_UNUSED_VARIABLE = YES;
				IPHONEOS_DEPLOYMENT_TARGET = 17.0;
				LOCALIZATION_PREFERS_STRING_CATALOGS = YES;
				MTL_ENABLE_DEBUG_INFO = INCLUDE_SOURCE;
				MTL_FAST_MATH = YES;
				ONLY_ACTIVE_ARCH = YES;
				SDKROOT = iphoneos;
				SWIFT_ACTIVE_COMPILATION_CONDITIONS = "DEBUG $(inherited)";
				SWIFT_OPTIMIZATION_LEVEL = "-Onone";
			};
			name = Debug;
		};
		4DB4BBD52AF9EFF8008FA2D1 /* Release */ = {
			isa = XCBuildConfiguration;
			buildSettings = {
				ALWAYS_SEARCH_USER_PATHS = NO;
				ASSETCATALOG_COMPILER_GENERATE_SWIFT_ASSET_SYMBOL_EXTENSIONS = YES;
				CLANG_ANALYZER_NONNULL = YES;
				CLANG_ANALYZER_NUMBER_OBJECT_CONVERSION = YES_AGGRESSIVE;
				CLANG_CXX_LANGUAGE_STANDARD = "gnu++20";
				CLANG_ENABLE_MODULES = YES;
				CLANG_ENABLE_OBJC_ARC = YES;
				CLANG_ENABLE_OBJC_WEAK = YES;
				CLANG_WARN_BLOCK_CAPTURE_AUTORELEASING = YES;
				CLANG_WARN_BOOL_CONVERSION = YES;
				CLANG_WARN_COMMA = YES;
				CLANG_WARN_CONSTANT_CONVERSION = YES;
				CLANG_WARN_DEPRECATED_OBJC_IMPLEMENTATIONS = YES;
				CLANG_WARN_DIRECT_OBJC_ISA_USAGE = YES_ERROR;
				CLANG_WARN_DOCUMENTATION_COMMENTS = YES;
				CLANG_WARN_EMPTY_BODY = YES;
				CLANG_WARN_ENUM_CONVERSION = YES;
				CLANG_WARN_INFINITE_RECURSION = YES;
				CLANG_WARN_INT_CONVERSION = YES;
				CLANG_WARN_NON_LITERAL_NULL_CONVERSION = YES;
				CLANG_WARN_OBJC_IMPLICIT_RETAIN_SELF = YES;
				CLANG_WARN_OBJC_LITERAL_CONVERSION = YES;
				CLANG_WARN_OBJC_ROOT_CLASS = YES_ERROR;
				CLANG_WARN_QUOTED_INCLUDE_IN_FRAMEWORK_HEADER = YES;
				CLANG_WARN_RANGE_LOOP_ANALYSIS = YES;
				CLANG_WARN_STRICT_PROTOTYPES = YES;
				CLANG_WARN_SUSPICIOUS_MOVE = YES;
				CLANG_WARN_UNGUARDED_AVAILABILITY = YES_AGGRESSIVE;
				CLANG_WARN_UNREACHABLE_CODE = YES;
				CLANG_WARN__DUPLICATE_METHOD_MATCH = YES;
				COPY_PHASE_STRIP = NO;
				DEBUG_INFORMATION_FORMAT = "dwarf-with-dsym";
				ENABLE_NS_ASSERTIONS = NO;
				ENABLE_STRICT_OBJC_MSGSEND = YES;
				ENABLE_USER_SCRIPT_SANDBOXING = YES;
				GCC_C_LANGUAGE_STANDARD = gnu17;
				GCC_NO_COMMON_BLOCKS = YES;
				GCC_WARN_64_TO_32_BIT_CONVERSION = YES;
				GCC_WARN_ABOUT_RETURN_TYPE = YES_ERROR;
				GCC_WARN_UNDECLARED_SELECTOR = YES;
				GCC_WARN_UNINITIALIZED_AUTOS = YES_AGGRESSIVE;
				GCC_WARN_UNUSED_FUNCTION = YES;
				GCC_WARN_UNUSED_VARIABLE = YES;
				IPHONEOS_DEPLOYMENT_TARGET = 17.0;
				LOCALIZATION_PREFERS_STRING_CATALOGS = YES;
				MTL_ENABLE_DEBUG_INFO = NO;
				MTL_FAST_MATH = YES;
				SDKROOT = iphoneos;
				SWIFT_COMPILATION_MODE = wholemodule;
				VALIDATE_PRODUCT = YES;
			};
			name = Release;
		};
		4DB4BBD72AF9EFF8008FA2D1 /* Debug */ = {
			isa = XCBuildConfiguration;
			buildSettings = {
				ASSETCATALOG_COMPILER_APPICON_NAME = AppIcon;
				ASSETCATALOG_COMPILER_GLOBAL_ACCENT_COLOR_NAME = AccentColor;
				CODE_SIGN_STYLE = Automatic;
				CURRENT_PROJECT_VERSION = 1;
				DEVELOPMENT_TEAM = 42XNSB68B6;
				GENERATE_INFOPLIST_FILE = YES;
				INFOPLIST_FILE = MadidiCodePath/Info.plist;
				INFOPLIST_KEY_UIApplicationSupportsIndirectInputEvents = YES;
				INFOPLIST_KEY_UILaunchStoryboardName = LaunchScreen;
				INFOPLIST_KEY_UIMainStoryboardFile = Main;
				INFOPLIST_KEY_UISupportedInterfaceOrientations_iPad = "UIInterfaceOrientationPortrait UIInterfaceOrientationPortraitUpsideDown UIInterfaceOrientationLandscapeLeft UIInterfaceOrientationLandscapeRight";
				INFOPLIST_KEY_UISupportedInterfaceOrientations_iPhone = "UIInterfaceOrientationPortrait UIInterfaceOrientationLandscapeLeft UIInterfaceOrientationLandscapeRight";
				LD_RUNPATH_SEARCH_PATHS = (
					"$(inherited)",
					"@executable_path/Frameworks",
				);
				MARKETING_VERSION = 1.0;
				PRODUCT_BUNDLE_IDENTIFIER = ali.MadidiCodePath;
				PRODUCT_NAME = "$(TARGET_NAME)";
				SWIFT_EMIT_LOC_STRINGS = YES;
				SWIFT_VERSION = 5.0;
				TARGETED_DEVICE_FAMILY = "1,2";
			};
			name = Debug;
		};
		4DB4BBD82AF9EFF8008FA2D1 /* Release */ = {
			isa = XCBuildConfiguration;
			buildSettings = {
				ASSETCATALOG_COMPILER_APPICON_NAME = AppIcon;
				ASSETCATALOG_COMPILER_GLOBAL_ACCENT_COLOR_NAME = AccentColor;
				CODE_SIGN_STYLE = Automatic;
				CURRENT_PROJECT_VERSION = 1;
				DEVELOPMENT_TEAM = 42XNSB68B6;
				GENERATE_INFOPLIST_FILE = YES;
				INFOPLIST_FILE = MadidiCodePath/Info.plist;
				INFOPLIST_KEY_UIApplicationSupportsIndirectInputEvents = YES;
				INFOPLIST_KEY_UILaunchStoryboardName = LaunchScreen;
				INFOPLIST_KEY_UIMainStoryboardFile = Main;
				INFOPLIST_KEY_UISupportedInterfaceOrientations_iPad = "UIInterfaceOrientationPortrait UIInterfaceOrientationPortraitUpsideDown UIInterfaceOrientationLandscapeLeft UIInterfaceOrientationLandscapeRight";
				INFOPLIST_KEY_UISupportedInterfaceOrientations_iPhone = "UIInterfaceOrientationPortrait UIInterfaceOrientationLandscapeLeft UIInterfaceOrientationLandscapeRight";
				LD_RUNPATH_SEARCH_PATHS = (
					"$(inherited)",
					"@executable_path/Frameworks",
				);
				MARKETING_VERSION = 1.0;
				PRODUCT_BUNDLE_IDENTIFIER = ali.MadidiCodePath;
				PRODUCT_NAME = "$(TARGET_NAME)";
				SWIFT_EMIT_LOC_STRINGS = YES;
				SWIFT_VERSION = 5.0;
				TARGETED_DEVICE_FAMILY = "1,2";
			};
			name = Release;
		};
/* End XCBuildConfiguration section */

/* Begin XCConfigurationList section */
		4DB4BBBD2AF9EFF7008FA2D1 /* Build configuration list for PBXProject "MadidiCodePath" */ = {
			isa = XCConfigurationList;
			buildConfigurations = (
				4DB4BBD42AF9EFF8008FA2D1 /* Debug */,
				4DB4BBD52AF9EFF8008FA2D1 /* Release */,
			);
			defaultConfigurationIsVisible = 0;
			defaultConfigurationName = Release;
		};
		4DB4BBD62AF9EFF8008FA2D1 /* Build configuration list for PBXNativeTarget "MadidiCodePath" */ = {
			isa = XCConfigurationList;
			buildConfigurations = (
				4DB4BBD72AF9EFF8008FA2D1 /* Debug */,
				4DB4BBD82AF9EFF8008FA2D1 /* Release */,
			);
			defaultConfigurationIsVisible = 0;
			defaultConfigurationName = Release;
		};
/* End XCConfigurationList section */
	};
	rootObject = 4DB4BBBA2AF9EFF7008FA2D1 /* Project object */;
}
